
Microsoft Visual Studio Solution File, Format Version 12.00
# Visual Studio Version 16
VisualStudioVersion = 16.0.29915.30
MinimumVisualStudioVersion = 10.0.40219.1
Project("{FAE04EC0-301F-11D3-BF4B-00C04F79EFBC}") = "ImageCropper.UWP", "ImageCropper\ImageCropper.UWP\ImageCropper.UWP.csproj", "{2425C7A9-7CE4-4BFF-A540-8C17DB1A7AB5}"
EndProject
Project("{FAE04EC0-301F-11D3-BF4B-00C04F79EFBC}") = "ImageCropper.Android", "ImageCropper\ImageCropper.Android\ImageCropper.Android.csproj", "{7ABB346F-1871-4B0E-B22A-F7B9F19F5266}"
EndProject
Project("{FAE04EC0-301F-11D3-BF4B-00C04F79EFBC}") = "ImageCropper.iOS", "ImageCropper\ImageCropper.iOS\ImageCropper.iOS.csproj", "{DF7FFBFC-88B1-423A-97E2-96B239D9AC79}"
EndProject
Project("{FAE04EC0-301F-11D3-BF4B-00C04F79EFBC}") = "ImageCropper", "ImageCropper\ImageCropper\ImageCropper.csproj", "{C8192F56-4A88-49ED-9482-10599E6DF9B2}"
EndProject
Global
	GlobalSection(SolutionConfigurationPlatforms) = preSolution
		Debug|Any CPU = Debug|Any CPU
		Debug|ARM = Debug|ARM
		Debug|iPhone = Debug|iPhone
		Debug|iPhoneSimulator = Debug|iPhoneSimulator
		Debug|x64 = Debug|x64
		Debug|x86 = Debug|x86
		Release|Any CPU = Release|Any CPU
		Release|ARM = Release|ARM
		Release|iPhone = Release|iPhone
		Release|iPhoneSimulator = Release|iPhoneSimulator
		Release|x64 = Release|x64
		Release|x86 = Release|x86
	EndGlobalSection
	GlobalSection(ProjectConfigurationPlatforms) = postSolution
		{2425C7A9-7CE4-4BFF-A540-8C17DB1A7AB5}.Debug|Any CPU.ActiveCfg = Debug|x86
		{2425C7A9-7CE4-4BFF-A540-8C17DB1A7AB5}.Debug|Any CPU.Build.0 = Debug|x86
		{2425C7A9-7CE4-4BFF-A540-8C17DB1A7AB5}.Debug|Any CPU.Deploy.0 = Debug|x86
		{2425C7A9-7CE4-4BFF-A540-8C17DB1A7AB5}.Debug|ARM.ActiveCfg = Debug|ARM
		{2425C7A9-7CE4-4BFF-A540-8C17DB1A7AB5}.Debug|ARM.Build.0 = Debug|ARM
		{2425C7A9-7CE4-4BFF-A540-8C17DB1A7AB5}.Debug|ARM.Deploy.0 = Debug|ARM
		{2425C7A9-7CE4-4BFF-A540-8C17DB1A7AB5}.Debug|iPhone.ActiveCfg = Debug|x86
		{2425C7A9-7CE4-4BFF-A540-8C17DB1A7AB5}.Debug|iPhone.Build.0 = Debug|x86
		{2425C7A9-7CE4-4BFF-A540-8C17DB1A7AB5}.Debug|iPhone.Deploy.0 = Debug|x86
		{2425C7A9-7CE4-4BFF-A540-8C17DB1A7AB5}.Debug|iPhoneSimulator.ActiveCfg = Debug|x86
		{2425C7A9-7CE4-4BFF-A540-8C17DB1A7AB5}.Debug|iPhoneSimulator.Build.0 = Debug|x86
		{2425C7A9-7CE4-4BFF-A540-8C17DB1A7AB5}.Debug|iPhoneSimulator.Deploy.0 = Debug|x86
		{2425C7A9-7CE4-4BFF-A540-8C17DB1A7AB5}.Debug|x64.ActiveCfg = Debug|x64
		{2425C7A9-7CE4-4BFF-A540-8C17DB1A7AB5}.Debug|x64.Build.0 = Debug|x64
		{2425C7A9-7CE4-4BFF-A540-8C17DB1A7AB5}.Debug|x64.Deploy.0 = Debug|x64
		{2425C7A9-7CE4-4BFF-A540-8C17DB1A7AB5}.Debug|x86.ActiveCfg = Debug|x86
		{2425C7A9-7CE4-4BFF-A540-8C17DB1A7AB5}.Debug|x86.Build.0 = Debug|x86
		{2425C7A9-7CE4-4BFF-A540-8C17DB1A7AB5}.Debug|x86.Deploy.0 = Debug|x86
		{2425C7A9-7CE4-4BFF-A540-8C17DB1A7AB5}.Release|Any CPU.ActiveCfg = Release|x86
		{2425C7A9-7CE4-4BFF-A540-8C17DB1A7AB5}.Release|Any CPU.Build.0 = Release|x86
		{2425C7A9-7CE4-4BFF-A540-8C17DB1A7AB5}.Release|Any CPU.Deploy.0 = Release|x86
		{2425C7A9-7CE4-4BFF-A540-8C17DB1A7AB5}.Release|ARM.ActiveCfg = Release|ARM
		{2425C7A9-7CE4-4BFF-A540-8C17DB1A7AB5}.Release|ARM.Build.0 = Release|ARM
		{2425C7A9-7CE4-4BFF-A540-8C17DB1A7AB5}.Release|ARM.Deploy.0 = Release|ARM
		{2425C7A9-7CE4-4BFF-A540-8C17DB1A7AB5}.Release|iPhone.ActiveCfg = Release|x86
		{2425C7A9-7CE4-4BFF-A540-8C17DB1A7AB5}.Release|iPhone.Build.0 = Release|x86
		{2425C7A9-7CE4-4BFF-A540-8C17DB1A7AB5}.Release|iPhone.Deploy.0 = Release|x86
		{2425C7A9-7CE4-4BFF-A540-8C17DB1A7AB5}.Release|iPhoneSimulator.ActiveCfg = Release|x86
		{2425C7A9-7CE4-4BFF-A540-8C17DB1A7AB5}.Release|iPhoneSimulator.Build.0 = Release|x86
		{2425C7A9-7CE4-4BFF-A540-8C17DB1A7AB5}.Release|iPhoneSimulator.Deploy.0 = Release|x86
		{2425C7A9-7CE4-4BFF-A540-8C17DB1A7AB5}.Release|x64.ActiveCfg = Release|x64
		{2425C7A9-7CE4-4BFF-A540-8C17DB1A7AB5}.Release|x64.Build.0 = Release|x64
		{2425C7A9-7CE4-4BFF-A540-8C17DB1A7AB5}.Release|x64.Deploy.0 = Release|x64
		{2425C7A9-7CE4-4BFF-A540-8C17DB1A7AB5}.Release|x86.ActiveCfg = Release|x86
		{2425C7A9-7CE4-4BFF-A540-8C17DB1A7AB5}.Release|x86.Build.0 = Release|x86
		{2425C7A9-7CE4-4BFF-A540-8C17DB1A7AB5}.Release|x86.Deploy.0 = Release|x86
		{7ABB346F-1871-4B0E-B22A-F7B9F19F5266}.Debug|Any CPU.ActiveCfg = Debug|Any CPU
		{7ABB346F-1871-4B0E-B22A-F7B9F19F5266}.Debug|Any CPU.Build.0 = Debug|Any CPU
		{7ABB346F-1871-4B0E-B22A-F7B9F19F5266}.Debug|Any CPU.Deploy.0 = Debug|Any CPU
		{7ABB346F-1871-4B0E-B22A-F7B9F19F5266}.Debug|ARM.ActiveCfg = Debug|Any CPU
		{7ABB346F-1871-4B0E-B22A-F7B9F19F5266}.Debug|ARM.Build.0 = Debug|Any CPU
		{7ABB346F-1871-4B0E-B22A-F7B9F19F5266}.Debug|ARM.Deploy.0 = Debug|Any CPU
		{7ABB346F-1871-4B0E-B22A-F7B9F19F5266}.Debug|iPhone.ActiveCfg = Debug|Any CPU
		{7ABB346F-1871-4B0E-B22A-F7B9F19F5266}.Debug|iPhone.Build.0 = Debug|Any CPU
		{7ABB346F-1871-4B0E-B22A-F7B9F19F5266}.Debug|iPhone.Deploy.0 = Debug|Any CPU
		{7ABB346F-1871-4B0E-B22A-F7B9F19F5266}.Debug|iPhoneSimulator.ActiveCfg = Debug|Any CPU
		{7ABB346F-1871-4B0E-B22A-F7B9F19F5266}.Debug|iPhoneSimulator.Build.0 = Debug|Any CPU
		{7ABB346F-1871-4B0E-B22A-F7B9F19F5266}.Debug|iPhoneSimulator.Deploy.0 = Debug|Any CPU
		{7ABB346F-1871-4B0E-B22A-F7B9F19F5266}.Debug|x64.ActiveCfg = Debug|Any CPU
		{7ABB346F-1871-4B0E-B22A-F7B9F19F5266}.Debug|x64.Build.0 = Debug|Any CPU
		{7ABB346F-1871-4B0E-B22A-F7B9F19F5266}.Debug|x64.Deploy.0 = Debug|Any CPU
		{7ABB346F-1871-4B0E-B22A-F7B9F19F5266}.Debug|x86.ActiveCfg = Debug|Any CPU
		{7ABB346F-1871-4B0E-B22A-F7B9F19F5266}.Debug|x86.Build.0 = Debug|Any CPU
		{7ABB346F-1871-4B0E-B22A-F7B9F19F5266}.Debug|x86.Deploy.0 = Debug|Any CPU
		{7ABB346F-1871-4B0E-B22A-F7B9F19F5266}.Release|Any CPU.ActiveCfg = Release|Any CPU
		{7ABB346F-1871-4B0E-B22A-F7B9F19F5266}.Release|Any CPU.Build.0 = Release|Any CPU
		{7ABB346F-1871-4B0E-B22A-F7B9F19F5266}.Release|Any CPU.Deploy.0 = Release|Any CPU
		{7ABB346F-1871-4B0E-B22A-F7B9F19F5266}.Release|ARM.ActiveCfg = Release|Any CPU
		{7ABB346F-1871-4B0E-B22A-F7B9F19F5266}.Release|ARM.Build.0 = Release|Any CPU
		{7ABB346F-1871-4B0E-B22A-F7B9F19F5266}.Release|ARM.Deploy.0 = Release|Any CPU
		{7ABB346F-1871-4B0E-B22A-F7B9F19F5266}.Release|iPhone.ActiveCfg = Release|Any CPU
		{7ABB346F-1871-4B0E-B22A-F7B9F19F5266}.Release|iPhone.Build.0 = Release|Any CPU
		{7ABB346F-1871-4B0E-B22A-F7B9F19F5266}.Release|iPhone.Deploy.0 = Release|Any CPU
		{7ABB346F-1871-4B0E-B22A-F7B9F19F5266}.Release|iPhoneSimulator.ActiveCfg = Release|Any CPU
		{7ABB346F-1871-4B0E-B22A-F7B9F19F5266}.Release|iPhoneSimulator.Build.0 = Release|Any CPU
		{7ABB346F-1871-4B0E-B22A-F7B9F19F5266}.Release|iPhoneSimulator.Deploy.0 = Release|Any CPU
		{7ABB346F-1871-4B0E-B22A-F7B9F19F5266}.Release|x64.ActiveCfg = Release|Any CPU
		{7ABB346F-1871-4B0E-B22A-F7B9F19F5266}.Release|x64.Build.0 = Release|Any CPU
		{7ABB346F-1871-4B0E-B22A-F7B9F19F5266}.Release|x64.Deploy.0 = Release|Any CPU
		{7ABB346F-1871-4B0E-B22A-F7B9F19F5266}.Release|x86.ActiveCfg = Release|Any CPU
		{7ABB346F-1871-4B0E-B22A-F7B9F19F5266}.Release|x86.Build.0 = Release|Any CPU
		{7ABB346F-1871-4B0E-B22A-F7B9F19F5266}.Release|x86.Deploy.0 = Release|Any CPU
		{DF7FFBFC-88B1-423A-97E2-96B239D9AC79}.Debug|Any CPU.ActiveCfg = Debug|iPhone
		{DF7FFBFC-88B1-423A-97E2-96B239D9AC79}.Debug|Any CPU.Build.0 = Debug|iPhone
		{DF7FFBFC-88B1-423A-97E2-96B239D9AC79}.Debug|Any CPU.Deploy.0 = Debug|iPhone
		{DF7FFBFC-88B1-423A-97E2-96B239D9AC79}.Debug|ARM.ActiveCfg = Debug|iPhone
		{DF7FFBFC-88B1-423A-97E2-96B239D9AC79}.Debug|ARM.Build.0 = Debug|iPhone
		{DF7FFBFC-88B1-423A-97E2-96B239D9AC79}.Debug|ARM.Deploy.0 = Debug|iPhone
		{DF7FFBFC-88B1-423A-97E2-96B239D9AC79}.Debug|iPhone.ActiveCfg = Debug|iPhone
		{DF7FFBFC-88B1-423A-97E2-96B239D9AC79}.Debug|iPhone.Build.0 = Debug|iPhone
		{DF7FFBFC-88B1-423A-97E2-96B239D9AC79}.Debug|iPhone.Deploy.0 = Debug|iPhone
		{DF7FFBFC-88B1-423A-97E2-96B239D9AC79}.Debug|iPhoneSimulator.ActiveCfg = Debug|iPhoneSimulator
		{DF7FFBFC-88B1-423A-97E2-96B239D9AC79}.Debug|iPhoneSimulator.Build.0 = Debug|iPhoneSimulator
		{DF7FFBFC-88B1-423A-97E2-96B239D9AC79}.Debug|iPhoneSimulator.Deploy.0 = Debug|iPhoneSimulator
		{DF7FFBFC-88B1-423A-97E2-96B239D9AC79}.Debug|x64.ActiveCfg = Debug|iPhone
		{DF7FFBFC-88B1-423A-97E2-96B239D9AC79}.Debug|x64.Build.0 = Debug|iPhone
		{DF7FFBFC-88B1-423A-97E2-96B239D9AC79}.Debug|x64.Deploy.0 = Debug|iPhone
		{DF7FFBFC-88B1-423A-97E2-96B239D9AC79}.Debug|x86.ActiveCfg = Debug|iPhone
		{DF7FFBFC-88B1-423A-97E2-96B239D9AC79}.Debug|x86.Build.0 = Debug|iPhone
		{DF7FFBFC-88B1-423A-97E2-96B239D9AC79}.Debug|x86.Deploy.0 = Debug|iPhone
		{DF7FFBFC-88B1-423A-97E2-96B239D9AC79}.Release|Any CPU.ActiveCfg = Release|iPhone
		{DF7FFBFC-88B1-423A-97E2-96B239D9AC79}.Release|Any CPU.Build.0 = Release|iPhone
		{DF7FFBFC-88B1-423A-97E2-96B239D9AC79}.Release|Any CPU.Deploy.0 = Release|iPhone
		{DF7FFBFC-88B1-423A-97E2-96B239D9AC79}.Release|ARM.ActiveCfg = Release|iPhone
		{DF7FFBFC-88B1-423A-97E2-96B239D9AC79}.Release|ARM.Build.0 = Release|iPhone
		{DF7FFBFC-88B1-423A-97E2-96B239D9AC79}.Release|ARM.Deploy.0 = Release|iPhone
		{DF7FFBFC-88B1-423A-97E2-96B239D9AC79}.Release|iPhone.ActiveCfg = Release|iPhone
		{DF7FFBFC-88B1-423A-97E2-96B239D9AC79}.Release|iPhone.Build.0 = Release|iPhone
		{DF7FFBFC-88B1-423A-97E2-96B239D9AC79}.Release|iPhone.Deploy.0 = Release|iPhone
		{DF7FFBFC-88B1-423A-97E2-96B239D9AC79}.Release|iPhoneSimulator.ActiveCfg = Release|iPhoneSimulator
		{DF7FFBFC-88B1-423A-97E2-96B239D9AC79}.Release|iPhoneSimulator.Build.0 = Release|iPhoneSimulator
		{DF7FFBFC-88B1-423A-97E2-96B239D9AC79}.Release|iPhoneSimulator.Deploy.0 = Release|iPhoneSimulator
		{DF7FFBFC-88B1-423A-97E2-96B239D9AC79}.Release|x64.ActiveCfg = Release|iPhone
		{DF7FFBFC-88B1-423A-97E2-96B239D9AC79}.Release|x64.Build.0 = Release|iPhone
		{DF7FFBFC-88B1-423A-97E2-96B239D9AC79}.Release|x64.Deploy.0 = Release|iPhone
		{DF7FFBFC-88B1-423A-97E2-96B239D9AC79}.Release|x86.ActiveCfg = Release|iPhone
		{DF7FFBFC-88B1-423A-97E2-96B239D9AC79}.Release|x86.Build.0 = Release|iPhone
		{DF7FFBFC-88B1-423A-97E2-96B239D9AC79}.Release|x86.Deploy.0 = Release|iPhone
		{C8192F56-4A88-49ED-9482-10599E6DF9B2}.Debug|Any CPU.ActiveCfg = Debug|Any CPU
		{C8192F56-4A88-49ED-9482-10599E6DF9B2}.Debug|Any CPU.Build.0 = Debug|Any CPU
		{C8192F56-4A88-49ED-9482-10599E6DF9B2}.Debug|Any CPU.Deploy.0 = Debug|Any CPU
		{C8192F56-4A88-49ED-9482-10599E6DF9B2}.Debug|ARM.ActiveCfg = Debug|Any CPU
		{C8192F56-4A88-49ED-9482-10599E6DF9B2}.Debug|ARM.Build.0 = Debug|Any CPU
		{C8192F56-4A88-49ED-9482-10599E6DF9B2}.Debug|ARM.Deploy.0 = Debug|Any CPU
		{C8192F56-4A88-49ED-9482-10599E6DF9B2}.Debug|iPhone.ActiveCfg = Debug|Any CPU
		{C8192F56-4A88-49ED-9482-10599E6DF9B2}.Debug|iPhone.Build.0 = Debug|Any CPU
		{C8192F56-4A88-49ED-9482-10599E6DF9B2}.Debug|iPhone.Deploy.0 = Debug|Any CPU
		{C8192F56-4A88-49ED-9482-10599E6DF9B2}.Debug|iPhoneSimulator.ActiveCfg = Debug|Any CPU
		{C8192F56-4A88-49ED-9482-10599E6DF9B2}.Debug|iPhoneSimulator.Build.0 = Debug|Any CPU
		{C8192F56-4A88-49ED-9482-10599E6DF9B2}.Debug|iPhoneSimulator.Deploy.0 = Debug|Any CPU
		{C8192F56-4A88-49ED-9482-10599E6DF9B2}.Debug|x64.ActiveCfg = Debug|Any CPU
		{C8192F56-4A88-49ED-9482-10599E6DF9B2}.Debug|x64.Build.0 = Debug|Any CPU
		{C8192F56-4A88-49ED-9482-10599E6DF9B2}.Debug|x64.Deploy.0 = Debug|Any CPU
		{C8192F56-4A88-49ED-9482-10599E6DF9B2}.Debug|x86.ActiveCfg = Debug|Any CPU
		{C8192F56-4A88-49ED-9482-10599E6DF9B2}.Debug|x86.Build.0 = Debug|Any CPU
		{C8192F56-4A88-49ED-9482-10599E6DF9B2}.Debug|x86.Deploy.0 = Debug|Any CPU
		{C8192F56-4A88-49ED-9482-10599E6DF9B2}.Release|Any CPU.ActiveCfg = Release|Any CPU
		{C8192F56-4A88-49ED-9482-10599E6DF9B2}.Release|Any CPU.Build.0 = Release|Any CPU
		{C8192F56-4A88-49ED-9482-10599E6DF9B2}.Release|Any CPU.Deploy.0 = Release|Any CPU
		{C8192F56-4A88-49ED-9482-10599E6DF9B2}.Release|ARM.ActiveCfg = Release|Any CPU
		{C8192F56-4A88-49ED-9482-10599E6DF9B2}.Release|ARM.Build.0 = Release|Any CPU
		{C8192F56-4A88-49ED-9482-10599E6DF9B2}.Release|ARM.Deploy.0 = Release|Any CPU
		{C8192F56-4A88-49ED-9482-10599E6DF9B2}.Release|iPhone.ActiveCfg = Release|Any CPU
		{C8192F56-4A88-49ED-9482-10599E6DF9B2}.Release|iPhone.Build.0 = Release|Any CPU
		{C8192F56-4A88-49ED-9482-10599E6DF9B2}.Release|iPhone.Deploy.0 = Release|Any CPU
		{C8192F56-4A88-49ED-9482-10599E6DF9B2}.Release|iPhoneSimulator.ActiveCfg = Release|Any CPU
		{C8192F56-4A88-49ED-9482-10599E6DF9B2}.Release|iPhoneSimulator.Build.0 = Release|Any CPU
		{C8192F56-4A88-49ED-9482-10599E6DF9B2}.Release|iPhoneSimulator.Deploy.0 = Release|Any CPU
		{C8192F56-4A88-49ED-9482-10599E6DF9B2}.Release|x64.ActiveCfg = Release|Any CPU
		{C8192F56-4A88-49ED-9482-10599E6DF9B2}.Release|x64.Build.0 = Release|Any CPU
		{C8192F56-4A88-49ED-9482-10599E6DF9B2}.Release|x64.Deploy.0 = Release|Any CPU
		{C8192F56-4A88-49ED-9482-10599E6DF9B2}.Release|x86.ActiveCfg = Release|Any CPU
		{C8192F56-4A88-49ED-9482-10599E6DF9B2}.Release|x86.Build.0 = Release|Any CPU
		{C8192F56-4A88-49ED-9482-10599E6DF9B2}.Release|x86.Deploy.0 = Release|Any CPU
	EndGlobalSection
	GlobalSection(SolutionProperties) = preSolution
		HideSolutionNode = FALSE
	EndGlobalSection
	GlobalSection(ExtensibilityGlobals) = postSolution
		SolutionGuid = {36DE77DB-A338-41BF-9EA0-73EDB4BE11F6}
	EndGlobalSection
EndGlobal
